
Microsoft Visual Studio Solution File, Format Version 12.00
# Visual Studio Version 17
VisualStudioVersion = 17.4.33110.190
MinimumVisualStudioVersion = 10.0.40219.1
Project("{FAE04EC0-301F-11D3-BF4B-00C04F79EFBC}") = "Task2", "Task2\Task2.csproj", "{77AD07BC-0025-49B5-9D18-B8D32E919369}"
EndProject
Global
	GlobalSection(SolutionConfigurationPlatforms) = preSolution
		Debug|Any CPU = Debug|Any CPU
		Release|Any CPU = Release|Any CPU
	EndGlobalSection
	GlobalSection(ProjectConfigurationPlatforms) = postSolution
		{77AD07BC-0025-49B5-9D18-B8D32E919369}.Debug|Any CPU.ActiveCfg = Debug|Any CPU
		{77AD07BC-0025-49B5-9D18-B8D32E919369}.Debug|Any CPU.Build.0 = Debug|Any CPU
		{77AD07BC-0025-49B5-9D18-B8D32E919369}.Release|Any CPU.ActiveCfg = Release|Any CPU
		{77AD07BC-0025-49B5-9D18-B8D32E919369}.Release|Any CPU.Build.0 = Release|Any CPU
	EndGlobalSection
	GlobalSection(SolutionProperties) = preSolution
		HideSolutionNode = FALSE
	EndGlobalSection
	GlobalSection(ExtensibilityGlobals) = postSolution
		SolutionGuid = {BC626276-8ED7-4F7D-9CB0-D483D2A48E46}
	EndGlobalSection
EndGlobal
